
Microsoft Visual Studio Solution File, Format Version 12.00
# Visual Studio Version 17
VisualStudioVersion = 17.14.37411.7 d17.14
MinimumVisualStudioVersion = 10.0.40219.1
Project("{FAE04EC0-301F-11D3-BF4B-00C04F79EFBC}") = "LabtaskForm-final", "LabtaskForm-final\LabtaskForm-final.csproj", "{8B5B0139-11EF-47A3-A29D-70E4FF108DCB}"
EndProject
Global
	GlobalSection(SolutionConfigurationPlatforms) = preSolution
		Debug|Any CPU = Debug|Any CPU
		Release|Any CPU = Release|Any CPU
	EndGlobalSection
	GlobalSection(ProjectConfigurationPlatforms) = postSolution
		{8B5B0139-11EF-47A3-A29D-70E4FF108DCB}.Debug|Any CPU.ActiveCfg = Debug|Any CPU
		{8B5B0139-11EF-47A3-A29D-70E4FF108DCB}.Debug|Any CPU.Build.0 = Debug|Any CPU
		{8B5B0139-11EF-47A3-A29D-70E4FF108DCB}.Release|Any CPU.ActiveCfg = Release|Any CPU
		{8B5B0139-11EF-47A3-A29D-70E4FF108DCB}.Release|Any CPU.Build.0 = Release|Any CPU
	EndGlobalSection
	GlobalSection(SolutionProperties) = preSolution
		HideSolutionNode = FALSE
	EndGlobalSection
	GlobalSection(ExtensibilityGlobals) = postSolution
		SolutionGuid = {1340E2D5-367E-4B0F-95D8-2321E549FC37}
	EndGlobalSection
EndGlobal
